
Microsoft Visual Studio Solution File, Format Version 12.00
# Visual Studio 15
VisualStudioVersion = 15.0.26730.10
MinimumVisualStudioVersion = 10.0.40219.1
Project("{FAE04EC0-301F-11D3-BF4B-00C04F79EFBC}") = "TrabajoDelegadosMiguelMunoz", "TrabajoDelegadosMiguelMunoz\TrabajoDelegadosMiguelMunoz.csproj", "{045D22FD-9D3F-4BCE-BE9F-E695199E4502}"
EndProject
Project("{9A19103F-16F7-4668-BE54-9A1E7A4F7556}") = "SumaLibrary", "SumaLibrary\SumaLibrary.csproj", "{67E31DB2-376C-452F-B592-56FAD0930F78}"
EndProject
Project("{FAE04EC0-301F-11D3-BF4B-00C04F79EFBC}") = "ConsoleConsumeSumaLibrary", "ConsoleConsumeSumaLibrary\ConsoleConsumeSumaLibrary.csproj", "{438619DE-CDD2-477B-844F-694BF185F1B7}"
EndProject
Project("{FAE04EC0-301F-11D3-BF4B-00C04F79EFBC}") = "UWPConsumeSumaLibrary", "UWPConsumeSumaLibrary\UWPConsumeSumaLibrary.csproj", "{6307D5DA-D526-4697-BBA6-039B138AEE57}"
EndProject
Project("{FAE04EC0-301F-11D3-BF4B-00C04F79EFBC}") = "AndroidApp", "AndroidApp\AndroidApp.csproj", "{EDED56EB-9A61-43A7-BB2D-67FC4257A757}"
EndProject
Project("{2150E333-8FDC-42A3-9474-1A3956D46DE8}") = "Solution Items", "Solution Items", "{828D8779-A444-41C4-93AD-89F9E2C80768}"
	ProjectSection(SolutionItems) = preProject
		README.md = README.md
	EndProjectSection
EndProject
Global
	GlobalSection(SolutionConfigurationPlatforms) = preSolution
		Debug|Any CPU = Debug|Any CPU
		Debug|ARM = Debug|ARM
		Debug|x64 = Debug|x64
		Debug|x86 = Debug|x86
		Release|Any CPU = Release|Any CPU
		Release|ARM = Release|ARM
		Release|x64 = Release|x64
		Release|x86 = Release|x86
	EndGlobalSection
	GlobalSection(ProjectConfigurationPlatforms) = postSolution
		{045D22FD-9D3F-4BCE-BE9F-E695199E4502}.Debug|Any CPU.ActiveCfg = Debug|Any CPU
		{045D22FD-9D3F-4BCE-BE9F-E695199E4502}.Debug|ARM.ActiveCfg = Debug|Any CPU
		{045D22FD-9D3F-4BCE-BE9F-E695199E4502}.Debug|ARM.Build.0 = Debug|Any CPU
		{045D22FD-9D3F-4BCE-BE9F-E695199E4502}.Debug|x64.ActiveCfg = Debug|Any CPU
		{045D22FD-9D3F-4BCE-BE9F-E695199E4502}.Debug|x64.Build.0 = Debug|Any CPU
		{045D22FD-9D3F-4BCE-BE9F-E695199E4502}.Debug|x86.ActiveCfg = Debug|Any CPU
		{045D22FD-9D3F-4BCE-BE9F-E695199E4502}.Debug|x86.Build.0 = Debug|Any CPU
		{045D22FD-9D3F-4BCE-BE9F-E695199E4502}.Release|Any CPU.ActiveCfg = Release|Any CPU
		{045D22FD-9D3F-4BCE-BE9F-E695199E4502}.Release|Any CPU.Build.0 = Release|Any CPU
		{045D22FD-9D3F-4BCE-BE9F-E695199E4502}.Release|ARM.ActiveCfg = Release|Any CPU
		{045D22FD-9D3F-4BCE-BE9F-E695199E4502}.Release|ARM.Build.0 = Release|Any CPU
		{045D22FD-9D3F-4BCE-BE9F-E695199E4502}.Release|x64.ActiveCfg = Release|Any CPU
		{045D22FD-9D3F-4BCE-BE9F-E695199E4502}.Release|x64.Build.0 = Release|Any CPU
		{045D22FD-9D3F-4BCE-BE9F-E695199E4502}.Release|x86.ActiveCfg = Release|Any CPU
		{045D22FD-9D3F-4BCE-BE9F-E695199E4502}.Release|x86.Build.0 = Release|Any CPU
		{67E31DB2-376C-452F-B592-56FAD0930F78}.Debug|Any CPU.ActiveCfg = Debug|Any CPU
		{67E31DB2-376C-452F-B592-56FAD0930F78}.Debug|ARM.ActiveCfg = Debug|Any CPU
		{67E31DB2-376C-452F-B592-56FAD0930F78}.Debug|ARM.Build.0 = Debug|Any CPU
		{67E31DB2-376C-452F-B592-56FAD0930F78}.Debug|x64.ActiveCfg = Debug|Any CPU
		{67E31DB2-376C-452F-B592-56FAD0930F78}.Debug|x64.Build.0 = Debug|Any CPU
		{67E31DB2-376C-452F-B592-56FAD0930F78}.Debug|x86.ActiveCfg = Debug|Any CPU
		{67E31DB2-376C-452F-B592-56FAD0930F78}.Debug|x86.Build.0 = Debug|Any CPU
		{67E31DB2-376C-452F-B592-56FAD0930F78}.Release|Any CPU.ActiveCfg = Release|Any CPU
		{67E31DB2-376C-452F-B592-56FAD0930F78}.Release|Any CPU.Build.0 = Release|Any CPU
		{67E31DB2-376C-452F-B592-56FAD0930F78}.Release|ARM.ActiveCfg = Release|Any CPU
		{67E31DB2-376C-452F-B592-56FAD0930F78}.Release|ARM.Build.0 = Release|Any CPU
		{67E31DB2-376C-452F-B592-56FAD0930F78}.Release|x64.ActiveCfg = Release|Any CPU
		{67E31DB2-376C-452F-B592-56FAD0930F78}.Release|x64.Build.0 = Release|Any CPU
		{67E31DB2-376C-452F-B592-56FAD0930F78}.Release|x86.ActiveCfg = Release|Any CPU
		{67E31DB2-376C-452F-B592-56FAD0930F78}.Release|x86.Build.0 = Release|Any CPU
		{438619DE-CDD2-477B-844F-694BF185F1B7}.Debug|Any CPU.ActiveCfg = Debug|Any CPU
		{438619DE-CDD2-477B-844F-694BF185F1B7}.Debug|ARM.ActiveCfg = Debug|Any CPU
		{438619DE-CDD2-477B-844F-694BF185F1B7}.Debug|ARM.Build.0 = Debug|Any CPU
		{438619DE-CDD2-477B-844F-694BF185F1B7}.Debug|x64.ActiveCfg = Debug|Any CPU
		{438619DE-CDD2-477B-844F-694BF185F1B7}.Debug|x64.Build.0 = Debug|Any CPU
		{438619DE-CDD2-477B-844F-694BF185F1B7}.Debug|x86.ActiveCfg = Debug|Any CPU
		{438619DE-CDD2-477B-844F-694BF185F1B7}.Debug|x86.Build.0 = Debug|Any CPU
		{438619DE-CDD2-477B-844F-694BF185F1B7}.Release|Any CPU.ActiveCfg = Release|Any CPU
		{438619DE-CDD2-477B-844F-694BF185F1B7}.Release|Any CPU.Build.0 = Release|Any CPU
		{438619DE-CDD2-477B-844F-694BF185F1B7}.Release|ARM.ActiveCfg = Release|Any CPU
		{438619DE-CDD2-477B-844F-694BF185F1B7}.Release|ARM.Build.0 = Release|Any CPU
		{438619DE-CDD2-477B-844F-694BF185F1B7}.Release|x64.ActiveCfg = Release|Any CPU
		{438619DE-CDD2-477B-844F-694BF185F1B7}.Release|x64.Build.0 = Release|Any CPU
		{438619DE-CDD2-477B-844F-694BF185F1B7}.Release|x86.ActiveCfg = Release|Any CPU
		{438619DE-CDD2-477B-844F-694BF185F1B7}.Release|x86.Build.0 = Release|Any CPU
		{6307D5DA-D526-4697-BBA6-039B138AEE57}.Debug|Any CPU.ActiveCfg = Debug|x86
		{6307D5DA-D526-4697-BBA6-039B138AEE57}.Debug|ARM.ActiveCfg = Debug|ARM
		{6307D5DA-D526-4697-BBA6-039B138AEE57}.Debug|ARM.Build.0 = Debug|ARM
		{6307D5DA-D526-4697-BBA6-039B138AEE57}.Debug|ARM.Deploy.0 = Debug|ARM
		{6307D5DA-D526-4697-BBA6-039B138AEE57}.Debug|x64.ActiveCfg = Debug|x64
		{6307D5DA-D526-4697-BBA6-039B138AEE57}.Debug|x64.Build.0 = Debug|x64
		{6307D5DA-D526-4697-BBA6-039B138AEE57}.Debug|x64.Deploy.0 = Debug|x64
		{6307D5DA-D526-4697-BBA6-039B138AEE57}.Debug|x86.ActiveCfg = Debug|x86
		{6307D5DA-D526-4697-BBA6-039B138AEE57}.Debug|x86.Build.0 = Debug|x86
		{6307D5DA-D526-4697-BBA6-039B138AEE57}.Debug|x86.Deploy.0 = Debug|x86
		{6307D5DA-D526-4697-BBA6-039B138AEE57}.Release|Any CPU.ActiveCfg = Release|x86
		{6307D5DA-D526-4697-BBA6-039B138AEE57}.Release|ARM.ActiveCfg = Release|ARM
		{6307D5DA-D526-4697-BBA6-039B138AEE57}.Release|ARM.Build.0 = Release|ARM
		{6307D5DA-D526-4697-BBA6-039B138AEE57}.Release|ARM.Deploy.0 = Release|ARM
		{6307D5DA-D526-4697-BBA6-039B138AEE57}.Release|x64.ActiveCfg = Release|x64
		{6307D5DA-D526-4697-BBA6-039B138AEE57}.Release|x64.Build.0 = Release|x64
		{6307D5DA-D526-4697-BBA6-039B138AEE57}.Release|x64.Deploy.0 = Release|x64
		{6307D5DA-D526-4697-BBA6-039B138AEE57}.Release|x86.ActiveCfg = Release|x86
		{6307D5DA-D526-4697-BBA6-039B138AEE57}.Release|x86.Build.0 = Release|x86
		{6307D5DA-D526-4697-BBA6-039B138AEE57}.Release|x86.Deploy.0 = Release|x86
		{EDED56EB-9A61-43A7-BB2D-67FC4257A757}.Debug|Any CPU.ActiveCfg = Debug|Any CPU
		{EDED56EB-9A61-43A7-BB2D-67FC4257A757}.Debug|Any CPU.Build.0 = Debug|Any CPU
		{EDED56EB-9A61-43A7-BB2D-67FC4257A757}.Debug|Any CPU.Deploy.0 = Debug|Any CPU
		{EDED56EB-9A61-43A7-BB2D-67FC4257A757}.Debug|ARM.ActiveCfg = Debug|Any CPU
		{EDED56EB-9A61-43A7-BB2D-67FC4257A757}.Debug|ARM.Build.0 = Debug|Any CPU
		{EDED56EB-9A61-43A7-BB2D-67FC4257A757}.Debug|ARM.Deploy.0 = Debug|Any CPU
		{EDED56EB-9A61-43A7-BB2D-67FC4257A757}.Debug|x64.ActiveCfg = Debug|Any CPU
		{EDED56EB-9A61-43A7-BB2D-67FC4257A757}.Debug|x64.Build.0 = Debug|Any CPU
		{EDED56EB-9A61-43A7-BB2D-67FC4257A757}.Debug|x64.Deploy.0 = Debug|Any CPU
		{EDED56EB-9A61-43A7-BB2D-67FC4257A757}.Debug|x86.ActiveCfg = Debug|Any CPU
		{EDED56EB-9A61-43A7-BB2D-67FC4257A757}.Debug|x86.Build.0 = Debug|Any CPU
		{EDED56EB-9A61-43A7-BB2D-67FC4257A757}.Debug|x86.Deploy.0 = Debug|Any CPU
		{EDED56EB-9A61-43A7-BB2D-67FC4257A757}.Release|Any CPU.ActiveCfg = Release|Any CPU
		{EDED56EB-9A61-43A7-BB2D-67FC4257A757}.Release|Any CPU.Build.0 = Release|Any CPU
		{EDED56EB-9A61-43A7-BB2D-67FC4257A757}.Release|Any CPU.Deploy.0 = Release|Any CPU
		{EDED56EB-9A61-43A7-BB2D-67FC4257A757}.Release|ARM.ActiveCfg = Release|Any CPU
		{EDED56EB-9A61-43A7-BB2D-67FC4257A757}.Release|ARM.Build.0 = Release|Any CPU
		{EDED56EB-9A61-43A7-BB2D-67FC4257A757}.Release|ARM.Deploy.0 = Release|Any CPU
		{EDED56EB-9A61-43A7-BB2D-67FC4257A757}.Release|x64.ActiveCfg = Release|Any CPU
		{EDED56EB-9A61-43A7-BB2D-67FC4257A757}.Release|x64.Build.0 = Release|Any CPU
		{EDED56EB-9A61-43A7-BB2D-67FC4257A757}.Release|x64.Deploy.0 = Release|Any CPU
		{EDED56EB-9A61-43A7-BB2D-67FC4257A757}.Release|x86.ActiveCfg = Release|Any CPU
		{EDED56EB-9A61-43A7-BB2D-67FC4257A757}.Release|x86.Build.0 = Release|Any CPU
		{EDED56EB-9A61-43A7-BB2D-67FC4257A757}.Release|x86.Deploy.0 = Release|Any CPU
	EndGlobalSection
	GlobalSection(SolutionProperties) = preSolution
		HideSolutionNode = FALSE
	EndGlobalSection
	GlobalSection(ExtensibilityGlobals) = postSolution
		SolutionGuid = {B469DBB9-02ED-4334-B75C-7B517A4E2ABD}
	EndGlobalSection
EndGlobal
